
Microsoft Visual Studio Solution File, Format Version 12.00
# Visual Studio Version 17
VisualStudioVersion = 17.8.34316.72
MinimumVisualStudioVersion = 10.0.40219.1
Project("{8BC9CEB8-8B4A-11D0-8D11-00A0C91BC942}") = "test_27", "test_27.vcxproj", "{ECB109E2-2563-498C-9316-8ED8D41B62CE}"
EndProject
Global
	GlobalSection(SolutionConfigurationPlatforms) = preSolution
		Debug|x64 = Debug|x64
		Debug|x86 = Debug|x86
		Release|x64 = Release|x64
		Release|x86 = Release|x86
	EndGlobalSection
	GlobalSection(ProjectConfigurationPlatforms) = postSolution
		{ECB109E2-2563-498C-9316-8ED8D41B62CE}.Debug|x64.ActiveCfg = Debug|x64
		{ECB109E2-2563-498C-9316-8ED8D41B62CE}.Debug|x64.Build.0 = Debug|x64
		{ECB109E2-2563-498C-9316-8ED8D41B62CE}.Debug|x86.ActiveCfg = Debug|Win32
		{ECB109E2-2563-498C-9316-8ED8D41B62CE}.Debug|x86.Build.0 = Debug|Win32
		{ECB109E2-2563-498C-9316-8ED8D41B62CE}.Release|x64.ActiveCfg = Release|x64
		{ECB109E2-2563-498C-9316-8ED8D41B62CE}.Release|x64.Build.0 = Release|x64
		{ECB109E2-2563-498C-9316-8ED8D41B62CE}.Release|x86.ActiveCfg = Release|Win32
		{ECB109E2-2563-498C-9316-8ED8D41B62CE}.Release|x86.Build.0 = Release|Win32
	EndGlobalSection
	GlobalSection(SolutionProperties) = preSolution
		HideSolutionNode = FALSE
	EndGlobalSection
	GlobalSection(ExtensibilityGlobals) = postSolution
		SolutionGuid = {6E2C3A23-B533-4720-A6C3-6A2F7EC39EF0}
	EndGlobalSection
EndGlobal
