
Microsoft Visual Studio Solution File, Format Version 12.00
# Visual Studio Version 17
VisualStudioVersion = 17.8.34316.72
MinimumVisualStudioVersion = 10.0.40219.1
Project("{8BC9CEB8-8B4A-11D0-8D11-00A0C91BC942}") = "test_76", "test_76.vcxproj", "{3864787B-D349-4D0B-8ADD-122FA0D1CA0B}"
EndProject
Global
	GlobalSection(SolutionConfigurationPlatforms) = preSolution
		Debug|x64 = Debug|x64
		Debug|x86 = Debug|x86
		Release|x64 = Release|x64
		Release|x86 = Release|x86
	EndGlobalSection
	GlobalSection(ProjectConfigurationPlatforms) = postSolution
		{3864787B-D349-4D0B-8ADD-122FA0D1CA0B}.Debug|x64.ActiveCfg = Debug|x64
		{3864787B-D349-4D0B-8ADD-122FA0D1CA0B}.Debug|x64.Build.0 = Debug|x64
		{3864787B-D349-4D0B-8ADD-122FA0D1CA0B}.Debug|x86.ActiveCfg = Debug|Win32
		{3864787B-D349-4D0B-8ADD-122FA0D1CA0B}.Debug|x86.Build.0 = Debug|Win32
		{3864787B-D349-4D0B-8ADD-122FA0D1CA0B}.Release|x64.ActiveCfg = Release|x64
		{3864787B-D349-4D0B-8ADD-122FA0D1CA0B}.Release|x64.Build.0 = Release|x64
		{3864787B-D349-4D0B-8ADD-122FA0D1CA0B}.Release|x86.ActiveCfg = Release|Win32
		{3864787B-D349-4D0B-8ADD-122FA0D1CA0B}.Release|x86.Build.0 = Release|Win32
	EndGlobalSection
	GlobalSection(SolutionProperties) = preSolution
		HideSolutionNode = FALSE
	EndGlobalSection
	GlobalSection(ExtensibilityGlobals) = postSolution
		SolutionGuid = {006F3FC2-E9CF-47A4-A99A-EEDC97D9556F}
	EndGlobalSection
EndGlobal
