
Microsoft Visual Studio Solution File, Format Version 12.00
# Visual Studio Version 17
VisualStudioVersion = 17.8.34316.72
MinimumVisualStudioVersion = 10.0.40219.1
Project("{8BC9CEB8-8B4A-11D0-8D11-00A0C91BC942}") = "test_109", "test_109.vcxproj", "{BA341E7C-AA6B-4B57-BF1B-FA0F534C5510}"
EndProject
Global
	GlobalSection(SolutionConfigurationPlatforms) = preSolution
		Debug|x64 = Debug|x64
		Debug|x86 = Debug|x86
		Release|x64 = Release|x64
		Release|x86 = Release|x86
	EndGlobalSection
	GlobalSection(ProjectConfigurationPlatforms) = postSolution
		{BA341E7C-AA6B-4B57-BF1B-FA0F534C5510}.Debug|x64.ActiveCfg = Debug|x64
		{BA341E7C-AA6B-4B57-BF1B-FA0F534C5510}.Debug|x64.Build.0 = Debug|x64
		{BA341E7C-AA6B-4B57-BF1B-FA0F534C5510}.Debug|x86.ActiveCfg = Debug|Win32
		{BA341E7C-AA6B-4B57-BF1B-FA0F534C5510}.Debug|x86.Build.0 = Debug|Win32
		{BA341E7C-AA6B-4B57-BF1B-FA0F534C5510}.Release|x64.ActiveCfg = Release|x64
		{BA341E7C-AA6B-4B57-BF1B-FA0F534C5510}.Release|x64.Build.0 = Release|x64
		{BA341E7C-AA6B-4B57-BF1B-FA0F534C5510}.Release|x86.ActiveCfg = Release|Win32
		{BA341E7C-AA6B-4B57-BF1B-FA0F534C5510}.Release|x86.Build.0 = Release|Win32
	EndGlobalSection
	GlobalSection(SolutionProperties) = preSolution
		HideSolutionNode = FALSE
	EndGlobalSection
	GlobalSection(ExtensibilityGlobals) = postSolution
		SolutionGuid = {C3159CA1-A02D-432A-B63A-B2618A299F00}
	EndGlobalSection
EndGlobal
