
Microsoft Visual Studio Solution File, Format Version 12.00
# Visual Studio Version 17
VisualStudioVersion = 17.8.34316.72
MinimumVisualStudioVersion = 10.0.40219.1
Project("{8BC9CEB8-8B4A-11D0-8D11-00A0C91BC942}") = "test_72", "test_72.vcxproj", "{6C147F58-F61C-4F6D-B848-294F8511EFBB}"
EndProject
Global
	GlobalSection(SolutionConfigurationPlatforms) = preSolution
		Debug|x64 = Debug|x64
		Debug|x86 = Debug|x86
		Release|x64 = Release|x64
		Release|x86 = Release|x86
	EndGlobalSection
	GlobalSection(ProjectConfigurationPlatforms) = postSolution
		{6C147F58-F61C-4F6D-B848-294F8511EFBB}.Debug|x64.ActiveCfg = Debug|x64
		{6C147F58-F61C-4F6D-B848-294F8511EFBB}.Debug|x64.Build.0 = Debug|x64
		{6C147F58-F61C-4F6D-B848-294F8511EFBB}.Debug|x86.ActiveCfg = Debug|Win32
		{6C147F58-F61C-4F6D-B848-294F8511EFBB}.Debug|x86.Build.0 = Debug|Win32
		{6C147F58-F61C-4F6D-B848-294F8511EFBB}.Release|x64.ActiveCfg = Release|x64
		{6C147F58-F61C-4F6D-B848-294F8511EFBB}.Release|x64.Build.0 = Release|x64
		{6C147F58-F61C-4F6D-B848-294F8511EFBB}.Release|x86.ActiveCfg = Release|Win32
		{6C147F58-F61C-4F6D-B848-294F8511EFBB}.Release|x86.Build.0 = Release|Win32
	EndGlobalSection
	GlobalSection(SolutionProperties) = preSolution
		HideSolutionNode = FALSE
	EndGlobalSection
	GlobalSection(ExtensibilityGlobals) = postSolution
		SolutionGuid = {D59D5D53-4BDE-47A9-91B6-F84CC51BE508}
	EndGlobalSection
EndGlobal
