
Microsoft Visual Studio Solution File, Format Version 12.00
# Visual Studio Version 17
VisualStudioVersion = 17.8.34316.72
MinimumVisualStudioVersion = 10.0.40219.1
Project("{8BC9CEB8-8B4A-11D0-8D11-00A0C91BC942}") = "test_12", "test_12.vcxproj", "{DEA3C3AD-12C6-4360-8CC2-81CC7A528DC8}"
EndProject
Global
	GlobalSection(SolutionConfigurationPlatforms) = preSolution
		Debug|x64 = Debug|x64
		Debug|x86 = Debug|x86
		Release|x64 = Release|x64
		Release|x86 = Release|x86
	EndGlobalSection
	GlobalSection(ProjectConfigurationPlatforms) = postSolution
		{DEA3C3AD-12C6-4360-8CC2-81CC7A528DC8}.Debug|x64.ActiveCfg = Debug|x64
		{DEA3C3AD-12C6-4360-8CC2-81CC7A528DC8}.Debug|x64.Build.0 = Debug|x64
		{DEA3C3AD-12C6-4360-8CC2-81CC7A528DC8}.Debug|x86.ActiveCfg = Debug|Win32
		{DEA3C3AD-12C6-4360-8CC2-81CC7A528DC8}.Debug|x86.Build.0 = Debug|Win32
		{DEA3C3AD-12C6-4360-8CC2-81CC7A528DC8}.Release|x64.ActiveCfg = Release|x64
		{DEA3C3AD-12C6-4360-8CC2-81CC7A528DC8}.Release|x64.Build.0 = Release|x64
		{DEA3C3AD-12C6-4360-8CC2-81CC7A528DC8}.Release|x86.ActiveCfg = Release|Win32
		{DEA3C3AD-12C6-4360-8CC2-81CC7A528DC8}.Release|x86.Build.0 = Release|Win32
	EndGlobalSection
	GlobalSection(SolutionProperties) = preSolution
		HideSolutionNode = FALSE
	EndGlobalSection
	GlobalSection(ExtensibilityGlobals) = postSolution
		SolutionGuid = {879B7FB8-3FED-4868-9C85-CC06C4706794}
	EndGlobalSection
EndGlobal
