
Microsoft Visual Studio Solution File, Format Version 12.00
# Visual Studio Version 17
VisualStudioVersion = 17.8.34316.72
MinimumVisualStudioVersion = 10.0.40219.1
Project("{8BC9CEB8-8B4A-11D0-8D11-00A0C91BC942}") = "test_70", "test_70.vcxproj", "{398CE56B-4F25-4463-A36D-F2178D23243A}"
EndProject
Global
	GlobalSection(SolutionConfigurationPlatforms) = preSolution
		Debug|x64 = Debug|x64
		Debug|x86 = Debug|x86
		Release|x64 = Release|x64
		Release|x86 = Release|x86
	EndGlobalSection
	GlobalSection(ProjectConfigurationPlatforms) = postSolution
		{398CE56B-4F25-4463-A36D-F2178D23243A}.Debug|x64.ActiveCfg = Debug|x64
		{398CE56B-4F25-4463-A36D-F2178D23243A}.Debug|x64.Build.0 = Debug|x64
		{398CE56B-4F25-4463-A36D-F2178D23243A}.Debug|x86.ActiveCfg = Debug|Win32
		{398CE56B-4F25-4463-A36D-F2178D23243A}.Debug|x86.Build.0 = Debug|Win32
		{398CE56B-4F25-4463-A36D-F2178D23243A}.Release|x64.ActiveCfg = Release|x64
		{398CE56B-4F25-4463-A36D-F2178D23243A}.Release|x64.Build.0 = Release|x64
		{398CE56B-4F25-4463-A36D-F2178D23243A}.Release|x86.ActiveCfg = Release|Win32
		{398CE56B-4F25-4463-A36D-F2178D23243A}.Release|x86.Build.0 = Release|Win32
	EndGlobalSection
	GlobalSection(SolutionProperties) = preSolution
		HideSolutionNode = FALSE
	EndGlobalSection
	GlobalSection(ExtensibilityGlobals) = postSolution
		SolutionGuid = {CBC5074A-A800-41F6-BE49-E56E4563834E}
	EndGlobalSection
EndGlobal
