
Microsoft Visual Studio Solution File, Format Version 12.00
# Visual Studio Version 17
VisualStudioVersion = 17.8.34316.72
MinimumVisualStudioVersion = 10.0.40219.1
Project("{8BC9CEB8-8B4A-11D0-8D11-00A0C91BC942}") = "test_84", "test_84.vcxproj", "{B2C74553-3B36-4E77-B0A7-6BBC98C30F2D}"
EndProject
Global
	GlobalSection(SolutionConfigurationPlatforms) = preSolution
		Debug|x64 = Debug|x64
		Debug|x86 = Debug|x86
		Release|x64 = Release|x64
		Release|x86 = Release|x86
	EndGlobalSection
	GlobalSection(ProjectConfigurationPlatforms) = postSolution
		{B2C74553-3B36-4E77-B0A7-6BBC98C30F2D}.Debug|x64.ActiveCfg = Debug|x64
		{B2C74553-3B36-4E77-B0A7-6BBC98C30F2D}.Debug|x64.Build.0 = Debug|x64
		{B2C74553-3B36-4E77-B0A7-6BBC98C30F2D}.Debug|x86.ActiveCfg = Debug|Win32
		{B2C74553-3B36-4E77-B0A7-6BBC98C30F2D}.Debug|x86.Build.0 = Debug|Win32
		{B2C74553-3B36-4E77-B0A7-6BBC98C30F2D}.Release|x64.ActiveCfg = Release|x64
		{B2C74553-3B36-4E77-B0A7-6BBC98C30F2D}.Release|x64.Build.0 = Release|x64
		{B2C74553-3B36-4E77-B0A7-6BBC98C30F2D}.Release|x86.ActiveCfg = Release|Win32
		{B2C74553-3B36-4E77-B0A7-6BBC98C30F2D}.Release|x86.Build.0 = Release|Win32
	EndGlobalSection
	GlobalSection(SolutionProperties) = preSolution
		HideSolutionNode = FALSE
	EndGlobalSection
	GlobalSection(ExtensibilityGlobals) = postSolution
		SolutionGuid = {445202F3-E7E8-4B7C-89F3-BB63B1FBC75D}
	EndGlobalSection
EndGlobal
